
Microsoft Visual Studio Solution File, Format Version 12.00
# Visual Studio Version 17
VisualStudioVersion = 17.8.34309.116
MinimumVisualStudioVersion = 10.0.40219.1
Project("{FAE04EC0-301F-11D3-BF4B-00C04F79EFBC}") = "TinyGeneticSolver", "TinyGeneticSolver\TinyGeneticSolver.csproj", "{24B26585-045E-4E16-9610-A453DC8F7EFA}"
EndProject
Project("{FAE04EC0-301F-11D3-BF4B-00C04F79EFBC}") = "TinyGeneticSolver.Tests", "TinyGeneticSolver.Tests\TinyGeneticSolver.Tests.csproj", "{87216A6E-0802-4AB5-83F2-F54F07651384}"
EndProject
Global
	GlobalSection(SolutionConfigurationPlatforms) = preSolution
		Debug|Any CPU = Debug|Any CPU
		Release|Any CPU = Release|Any CPU
	EndGlobalSection
	GlobalSection(ProjectConfigurationPlatforms) = postSolution
		{24B26585-045E-4E16-9610-A453DC8F7EFA}.Debug|Any CPU.ActiveCfg = Debug|Any CPU
		{24B26585-045E-4E16-9610-A453DC8F7EFA}.Debug|Any CPU.Build.0 = Debug|Any CPU
		{24B26585-045E-4E16-9610-A453DC8F7EFA}.Release|Any CPU.ActiveCfg = Release|Any CPU
		{24B26585-045E-4E16-9610-A453DC8F7EFA}.Release|Any CPU.Build.0 = Release|Any CPU
		{87216A6E-0802-4AB5-83F2-F54F07651384}.Debug|Any CPU.ActiveCfg = Debug|Any CPU
		{87216A6E-0802-4AB5-83F2-F54F07651384}.Debug|Any CPU.Build.0 = Debug|Any CPU
		{87216A6E-0802-4AB5-83F2-F54F07651384}.Release|Any CPU.ActiveCfg = Release|Any CPU
		{87216A6E-0802-4AB5-83F2-F54F07651384}.Release|Any CPU.Build.0 = Release|Any CPU
	EndGlobalSection
	GlobalSection(SolutionProperties) = preSolution
		HideSolutionNode = FALSE
	EndGlobalSection
	GlobalSection(ExtensibilityGlobals) = postSolution
		SolutionGuid = {2F186D8F-EBCE-4279-9355-83BB84956264}
	EndGlobalSection
EndGlobal
